{"name":"forge-web","version":"1.0.0","lockfileVersion":3,"requires":true,"packages":{"":{"name":"forge-web","version":"1.0.0","dependencies":{"@clerk/nextjs":"^7.5.14","@radix-ui/react-avatar":"^1.1.3","@radix-ui/react-dialog":"^1.1.6","@radix-ui/react-dropdown-menu":"^2.1.6","@radix-ui/react-label":"^2.1.2","@radix-ui/react-progress":"^1.1.2","@radix-ui/react-scroll-area":"^1.2.3","@radix-ui/react-select":"^2.1.6","@radix-ui/react-separator":"^1.1.2","@radix-ui/react-slot":"^1.1.2","@radix-ui/react-switch":"^1.1.3","@radix-ui/react-tabs":"^1.1.3","@supabase/ssr":"^0.12.0","@supabase/supabase-js":"^2.110.1","class-variance-authority":"^0.7.1","clsx":"^2.1.1","lucide-react":"^0.475.0","next":"^15.1.0","next-themes":"^0.4.4","react":"^19.0.0","react-dom":"^19.0.0","recharts":"^2.15.0","tailwind-merge":"^3.0.1","zustand":"^5.0.3"},"devDependencies":{"@types/node":"^22.10.0","@types/react":"^19.0.0","@types/react-dom":"^19.0.0","autoprefixer":"^10.5.2","eslint":"^9.17.0","eslint-config-next":"^15.1.0","postcss":"^8.4.49","tailwindcss":"^3.4.17","tailwindcss-animate":"^1.0.7","typescript":"^5.7.2"}},"node_modules/@alloc/quick-lru":{"version":"5.2.0","resolved":"https://registry.npmjs.org/@alloc/quick-lru/-/quick-lru-5.2.0.tgz","integrity":"sha512-UrcABB+4bUrFABwbluTIBErXwvbsU/V7TZWfmbgJfbkwiBuziS9gxdODUyuiecfdGQ85jglMW6juS3+z5TsKLw==","dev":true,"license":"MIT","engines":{"node":">=10"},"funding":{"url":"https://github.com/sponsors/sindresorhus"}},"node_modules/@babel/runtime":{"version":"7.29.7","resolved":"https://registry.npmjs.org/@babel/runtime/-/runtime-7.29.7.tgz","integrity":"sha512-Nq8OhGWiZIZGV6hLHoyAKLLcJihP/xFeBMGJoUrxTX2psI8dCifzLhZISFb+VWS3wFMRDmCGw5R+dOySCqPLhw==","license":"MIT","engines":{"node":">=6.9.0"}},"node_modules/@clerk/backend":{"version":"3.11.1","resolved":"https://registry.npmjs.org/@clerk/backend/-/backend-3.11.1.tgz","integrity":"sha512-rBEI0Erfd1Ddp7V+kxPL+Ki6QorNhQeLtliwAMNoM/CmbVqk7fGrNAa1iE0OIX5Q5ajjAcOiBMne7InhIQyraQ==","license":"MIT","dependencies":{"@clerk/shared":"^4.25.0","standardwebhooks":"^1.0.0","tslib":"2.8.1"},"engines":{"node":">=20.9.0"}},"node_modules/@clerk/nextjs":{"version":"7.5.14","resolved":"https://registry.npmjs.org/@clerk/nextjs/-/nextjs-7.5.14.tgz","integrity":"sha512-Yji2jucIQk+LiNdM4UT4ovPKQ22etS0KtIX/XYnFWfG71qaPgswCBPq0/UEX09vsviEEdk8ckhc6U2zlqrsLMg==","license":"MIT","dependencies":{"@clerk/backend":"^3.11.1","@clerk/react":"^6.12.0","@clerk/shared":"^4.25.0","server-only":"0.0.1","tslib":"2.8.1"},"engines":{"node":">=20.9.0"},"peerDependencies":{"next":"^15.2.8 || ^15.3.8 || ^15.4.10 || ^15.5.9 || ^15.6.0-0 || ^16.0.10 || ^16.1.0-0","react":"^18.0.0 || ~19.0.3 || ~19.1.4 || ~19.2.3 || ~19.3.0-0","react-dom":"^18.0.0 || ~19.0.3 || ~19.1.4 || ~19.2.3 || ~19.3.0-0"}},"node_modules/@clerk/react":{"version":"6.12.0","resolved":"https://registry.npmjs.org/@clerk/react/-/react-6.12.0.tgz","integrity":"sha512-QswCaOkrh56Mh1FnFPsaAF2n6zgA9sdUtvsf6tTVTe4XLp4FnD+rIqIQOKtZ6LhdvvKtZyyzo8KFcvOOtmFuyQ==","license":"MIT","dependencies":{"@clerk/shared":"^4.25.0","tslib":"2.8.1"},"engines":{"node":">=20.9.0"},"peerDependencies":{"react":"^18.0.0 || ~19.0.3 || ~19.1.4 || ~19.2.3 || ~19.3.0-0","react-dom":"^18.0.0 || ~19.0.3 || ~19.1.4 || ~19.2.3 || ~19.3.0-0"}},"node_modules/@clerk/shared":{"version":"4.25.0","resolved":"https://registry.npmjs.org/@clerk/shared/-/shared-4.25.0.tgz","integrity":"sha512-49WX0F0wqQvY2vf2ehNRZcKby0zkuaMinxF8O9GONOkaDktWISVghVHyCl+aN2hYk0r80UAXosD1T3rLSUlWog==","license":"MIT","dependencies":{"@tanstack/query-core":"^5.100.6","dequal":"2.0.3","glob-to-regexp":"0.4.1","js-cookie":"3.0.7"},"engines":{"node":">=20.9.0"},"peerDependencies":{"react":"^18.0.0 || ~19.0.3 || ~19.1.4 || ~19.2.3 || ~19.3.0-0","react-dom":"^18.0.0 || ~19.0.3 || ~19.1.4 || ~19.2.3 || ~19.3.0-0"},"peerDependenciesMeta":{"react":{"optional":true},"react-dom":{"optional":true}}},"node_modules/@emnapi/core":{"version":"1.10.0","resolved":"https://registry.npmjs.org/@emnapi/core/-/core-1.10.0.tgz","integrity":"sha512-yq6OkJ4p82CAfPl0u9mQebQHKPJkY7WrIuk205cTYnYe+k2Z8YBh11FrbRG/H6ihirqcacOgl2BIO8oyMQLeXw==","dev":true,"license":"MIT","optional":true,"dependencies":{"@emnapi/wasi-threads":"1.2.1","tslib":"^2.4.0"}},"node_modules/@emnapi/runtime":{"version":"1.11.2","resolved":"https://registry.npmjs.org/@emnapi/runtime/-/runtime-1.11.2.tgz","integrity":"sha512-kyOl3X0DuTiT1h2ft8r2fYO8JYtU9a9Xis/zBSiGArNaagCOWx90N1k2wxp18czFDH+OgcWGb5ZP/XMt3dcyPA==","license":"MIT","optional":true,"dependencies":{"tslib":"^2.4.0"}},"node_modules/@emnapi/wasi-threads":{"version":"1.2.1","resolved":"https://registry.npmjs.org/@emnapi/wasi-threads/-/wasi-threads-1.2.1.tgz","integrity":"sha512-uTII7OYF+/Mes/MrcIOYp5yOtSMLBWSIoLPpcgwipoiKbli6k322tcoFsxoIIxPDqW01SQGAgko4EzZi2BNv2w==","dev":true,"license":"MIT","optional":true,"dependencies":{"tslib":"^2.4.0"}},"node_modules/@eslint-community/eslint-utils":{"version":"4.9.1","resolved":"https://registry.npmjs.org/@eslint-community/eslint-utils/-/eslint-utils-4.9.1.tgz","integrity":"sha512-phrYmNiYppR7znFEdqgfWHXR6NCkZEK7hwWDHZUjit/2/U0r6XvkDl0SYnoM51Hq7FhCGdLDT6zxCCOY1hexsQ==","dev":true,"license":"MIT","dependencies":{"eslint-visitor-keys":"^3.4.3"},"engines":{"node":"^12.22.0 || ^14.17.0 || >=16.0.0"},"funding":{"url":"https://opencollective.com/eslint"},"peerDependencies":{"eslint":"^6.0.0 || ^7.0.0 || >=8.0.0"}},"node_modules/@eslint-community/eslint-utils/node_modules/eslint-visitor-keys":{"version":"3.4.3","resolved":"https://registry.npmjs.org/eslint-visitor-keys/-/eslint-visitor-keys-3.4.3.tgz","integrity":"sha512-wpc+LXeiyiisxPlEkUzU6svyS1frIO3Mgxj1fdy7Pm8Ygzguax2N3Fa/D/ag1WqbOprdI+uY6wMUl8/a2G+iag==","dev":true,"license":"Apache-2.0","engines":{"node":"^12.22.0 || ^14.17.0 || >=16.0.0"},"funding":{"url":"https://opencollective.com/eslint"}},"node_modules/@eslint-community/regexpp":{"version":"4.12.2","resolved":"https://registry.npmjs.org/@eslint-community/regexpp/-/regexpp-4.12.2.tgz","integrity":"sha512-EriSTlt5OC9/7SXkRSCAhfSxxoSUgBm33OH+IkwbdpgoqsSsUg7y3uh+IICI/Qg4BBWr3U2i39RpmycbxMq4ew==","dev":true,"license":"MIT","engines":{"node":"^12.0.0 || ^14.0.0 || >=16.0.0"}},"node_modules/@eslint/config-array":{"version":"0.21.2","resolved":"https://registry.npmjs.org/@eslint/config-array/-/config-array-0.21.2.tgz","integrity":"sha512-nJl2KGTlrf9GjLimgIru+V/mzgSK0ABCDQRvxw5BjURL7WfH5uoWmizbH7QB6MmnMBd8cIC9uceWnezL1VZWWw==","dev":true,"license":"Apache-2.0","dependencies":{"@eslint/object-schema":"^2.1.7","debug":"^4.3.1","minimatch":"^3.1.5"},"engines":{"node":"^18.18.0 || ^20.9.0 || >=21.1.0"}},"node_modules/@eslint/config-helpers":{"version":"0.4.2","resolved":"https://registry.npmjs.org/@eslint/config-helpers/-/config-helpers-0.4.2.tgz","integrity":"sha512-gBrxN88gOIf3R7ja5K9slwNayVcZgK6SOUORm2uBzTeIEfeVaIhOpCtTox3P6R7o2jLFwLFTLnC7kU/RGcYEgw==","dev":true,"license":"Apache-2.0","dependencies":{"@eslint/core":"^0.17.0"},"engines":{"node":"^18.18.0 || ^20.9.0 || >=21.1.0"}},"node_modules/@eslint/core":{"version":"0.17.0","resolved":"https://registry.npmjs.org/@eslint/core/-/core-0.17.0.tgz","integrity":"sha512-yL/sLrpmtDaFEiUj1osRP4TI2MDz1AddJL+jZ7KSqvBuliN4xqYY54IfdN8qD8Toa6g1iloph1fxQNkjOxrrpQ==","dev":true,"license":"Apache-2.0","dependencies":{"@types/json-schema":"^7.0.15"},"engines":{"node":"^18.18.0 || ^20.9.0 || >=21.1.0"}},"node_modules/@eslint/eslintrc":{"version":"3.3.5","resolved":"https://registry.npmjs.org/@eslint/eslintrc/-/eslintrc-3.3.5.tgz","integrity":"sha512-4IlJx0X0qftVsN5E+/vGujTRIFtwuLbNsVUe7TO6zYPDR1O6nFwvwhIKEKSrl6dZchmYBITazxKoUYOjdtjlRg==","dev":true,"license":"MIT","dependencies":{"ajv":"^6.14.0","debug":"^4.3.2","espree":"^10.0.1","globals":"^14.0.0","ignore":"^5.2.0","import-fresh":"^3.2.1","js-yaml":"^4.1.1","minimatch":"^3.1.5","strip-json-comments":"^3.1.1"},"engines":{"node":"^18.18.0 || ^20.9.0 || >=21.1.0"},"funding":{"url":"https://opencollective.com/eslint"}},"node_modules/@eslint/js":{"version":"9.39.4","resolved":"https://registry.npmjs.org/@eslint/js/-/js-9.39.4.tgz","integrity":"sha512-nE7DEIchvtiFTwBw4Lfbu59PG+kCofhjsKaCWzxTpt4lfRjRMqG6uMBzKXuEcyXhOHoUp9riAm7/aWYGhXZ9cw==","dev":true,"license":"MIT","engines":{"node":"^18.18.0 || ^20.9.0 || >=21.1.0"},"funding":{"url":"https://eslint.org/donate"}},"node_modules/@eslint/object-schema":{"version":"2.1.7","resolved":"https://registry.npmjs.org/@eslint/object-schema/-/object-schema-2.1.7.tgz","integrity":"sha512-VtAOaymWVfZcmZbp6E2mympDIHvyjXs/12LqWYjVw6qjrfF+VK+fyG33kChz3nnK+SU5/NeHOqrTEHS8sXO3OA==","dev":true,"license":"Apache-2.0","engines":{"node":"^18.18.0 || ^20.9.0 || >=21.1.0"}},"node_modules/@eslint/plugin-kit":{"version":"0.4.1","resolved":"https://registry.npmjs.org/@eslint/plugin-kit/-/plugin-kit-0.4.1.tgz","integrity":"sha512-43/qtrDUokr7LJqoF2c3+RInu/t4zfrpYdoSDfYyhg52rwLV6TnOvdG4fXm7IkSB3wErkcmJS9iEhjVtOSEjjA==","dev":true,"license":"Apache-2.0","dependencies":{"@eslint/core":"^0.17.0","levn":"^0.4.1"},"engines":{"node":"^18.18.0 || ^20.9.0 || >=21.1.0"}},"node_modules/@eslint/plugin-kit/node_modules/@types/json-schema":{"version":"7.0.15","resolved":"https://registry.npmjs.org/@types/json-schema/-/json-schema-7.0.15.tgz","integrity":"sha512-5ehnspcm0elesTj4A+rlpCL7gjmDIO0fhw/XH+boEuds48W/q/B8pCfnaFZRPWznrdIyGf/SlA/ewuiyHBs4cvg==","dev":true,"license":"MIT"}}]}